// !$*UTF8*$!
{
	archiveVersion = 1;
	classes = {
	};
	objectVersion = 56;
	objects = {

/* Begin PBXBuildFile section */
		D05A0812297FD840009154A6 /* YourFirstCommitApp.swift in Sources */ = {isa = PBXBuildFile; fileRef = D05A0811297FD840009154A6 /* YourFirstCommitApp.swift */; };
		D05A0814297FD840009154A6 /* ContentView.swift in Sources */ = {isa = PBXBuildFile; fileRef = D05A0813297FD840009154A6 /* ContentView.swift */; };
		D05A0816297FD841009154A6 /* Assets.xcassets in Resources */ = {isa = PBXBuildFile; fileRef = D05A0815297FD841009154A6 /* Assets.xcassets */; };
		D05A0819297FD841009154A6 /* Preview Assets.xcassets in Resources */ = {isa = PBXBuildFile; fileRef = D05A0818297FD841009154A6 /* Preview Assets.xcassets */; };
		D05A0820297FDA3A009154A6 /* FileList.swift in Sources */ = {isa = PBXBuildFile; fileRef = D05A081F297FDA3A009154A6 /* FileList.swift */; };
		D05A0823297FDF4F009154A6 /* RepoNameField.swift in Sources */ = {isa = PBXBuildFile; fileRef = D05A0822297FDF4F009154A6 /* RepoNameField.swift */; };
		D071CE35298058F200517F6B /* Repo.swift in Sources */ = {isa = PBXBuildFile; fileRef = D071CE34298058F200517F6B /* Repo.swift */; };
		D071CE372980591200517F6B /* RepoFile.swift in Sources */ = {isa = PBXBuildFile; fileRef = D071CE362980591200517F6B /* RepoFile.swift */; };
		D071CE3929805AA400517F6B /* RepoFilesView.swift in Sources */ = {isa = PBXBuildFile; fileRef = D071CE3829805AA400517F6B /* RepoFilesView.swift */; };
		D09431C029803E110057DAEE /* GithubApiService.swift in Sources */ = {isa = PBXBuildFile; fileRef = D09431BF29803E110057DAEE /* GithubApiService.swift */; };
		D09431C4298041D90057DAEE /* SearchReposResults.swift in Sources */ = {isa = PBXBuildFile; fileRef = D09431C3298041D90057DAEE /* SearchReposResults.swift */; };
		D09431C6298049880057DAEE /* RepoView.swift in Sources */ = {isa = PBXBuildFile; fileRef = D09431C5298049880057DAEE /* RepoView.swift */; };
		D09431C929804E0F0057DAEE /* LoaderSpinner.swift in Sources */ = {isa = PBXBuildFile; fileRef = D09431C829804E0F0057DAEE /* LoaderSpinner.swift */; };
/* End PBXBuildFile section */

/* Begin PBXFileReference section */
		D05A080E297FD840009154A6 /* YourFirstCommit.app */ = {isa = PBXFileReference; explicitFileType = wrapper.application; includeInIndex = 0; path = YourFirstCommit.app; sourceTree = BUILT_PRODUCTS_DIR; };
		D05A0811297FD840009154A6 /* YourFirstCommitApp.swift */ = {isa = PBXFileReference; lastKnownFileType = sourcecode.swift; path = YourFirstCommitApp.swift; sourceTree = "<group>"; };
		D05A0813297FD840009154A6 /* ContentView.swift */ = {isa = PBXFileReference; lastKnownFileType = sourcecode.swift; path = ContentView.swift; sourceTree = "<group>"; };
		D05A0815297FD841009154A6 /* Assets.xcassets */ = {isa = PBXFileReference; lastKnownFileType = folder.assetcatalog; path = Assets.xcassets; sourceTree = "<group>"; };
		D05A0818297FD841009154A6 /* Preview Assets.xcassets */ = {isa = PBXFileReference; lastKnownFileType = folder.assetcatalog; path = "Preview Assets.xcassets"; sourceTree = "<group>"; };
		D05A081F297FDA3A009154A6 /* FileList.swift */ = {isa = PBXFileReference; lastKnownFileType = sourcecode.swift; path = FileList.swift; sourceTree = "<group>"; };
		D05A0822297FDF4F009154A6 /* RepoNameField.swift */ = {isa = PBXFileReference; lastKnownFileType = sourcecode.swift; path = RepoNameField.swift; sourceTree = "<group>"; };
		D071CE34298058F200517F6B /* Repo.swift */ = {isa = PBXFileReference; lastKnownFileType = sourcecode.swift; path = Repo.swift; sourceTree = "<group>"; };
		D071CE362980591200517F6B /* RepoFile.swift */ = {isa = PBXFileReference; lastKnownFileType = sourcecode.swift; path = RepoFile.swift; sourceTree = "<group>"; };
		D071CE3829805AA400517F6B /* RepoFilesView.swift */ = {isa = PBXFileReference; lastKnownFileType = sourcecode.swift; path = RepoFilesView.swift; sourceTree = "<group>"; };
		D09431BF29803E110057DAEE /* GithubApiService.swift */ = {isa = PBXFileReference; lastKnownFileType = sourcecode.swift; path = GithubApiService.swift; sourceTree = "<group>"; };
		D09431C12980414B0057DAEE /* Info.plist */ = {isa = PBXFileReference; lastKnownFileType = text.plist; path = Info.plist; sourceTree = "<group>"; };
		D09431C3298041D90057DAEE /* SearchReposResults.swift */ = {isa = PBXFileReference; lastKnownFileType = sourcecode.swift; path = SearchReposResults.swift; sourceTree = "<group>"; };
		D09431C5298049880057DAEE /* RepoView.swift */ = {isa = PBXFileReference; lastKnownFileType = sourcecode.swift; path = RepoView.swift; sourceTree = "<group>"; };
		D09431C829804E0F0057DAEE /* LoaderSpinner.swift */ = {isa = PBXFileReference; lastKnownFileType = sourcecode.swift; path = LoaderSpinner.swift; sourceTree = "<group>"; };
/* End PBXFileReference section */

/* Begin PBXFrameworksBuildPhase section */
		D05A080B297FD840009154A6 /* Frameworks */ = {
			isa = PBXFrameworksBuildPhase;
			buildActionMask = 2147483647;
			files = (
			);
			runOnlyForDeploymentPostprocessing = 0;
		};
/* End PBXFrameworksBuildPhase section */

/* Begin PBXGroup section */
		D05A0805297FD840009154A6 = {
			isa = PBXGroup;
			children = (
				D05A0810297FD840009154A6 /* YourFirstCommit */,
				D05A080F297FD840009154A6 /* Products */,
			);
			sourceTree = "<group>";
		};
		D05A080F297FD840009154A6 /* Products */ = {
			isa = PBXGroup;
			children = (
				D05A080E297FD840009154A6 /* YourFirstCommit.app */,
			);
			name = Products;
			sourceTree = "<group>";
		};
		D05A0810297FD840009154A6 /* YourFirstCommit */ = {
			isa = PBXGroup;
			children = (
				D09431C2298041B80057DAEE /* Models */,
				D09431C12980414B0057DAEE /* Info.plist */,
				D09431BE29803DE40057DAEE /* Services */,
				D05A0811297FD840009154A6 /* YourFirstCommitApp.swift */,
				D05A0813297FD840009154A6 /* ContentView.swift */,
				D05A0821297FDF15009154A6 /* Views */,
				D05A0815297FD841009154A6 /* Assets.xcassets */,
				D05A0817297FD841009154A6 /* Preview Content */,
			);
			path = YourFirstCommit;
			sourceTree = "<group>";
		};
		D05A0817297FD841009154A6 /* Preview Content */ = {
			isa = PBXGroup;
			children = (
				D05A0818297FD841009154A6 /* Preview Assets.xcassets */,
			);
			path = "Preview Content";
			sourceTree = "<group>";
		};
		D05A0821297FDF15009154A6 /* Views */ = {
			isa = PBXGroup;
			children = (
				D09431C729804DFB0057DAEE /* Misc */,
				D05A081F297FDA3A009154A6 /* FileList.swift */,
				D05A0822297FDF4F009154A6 /* RepoNameField.swift */,
				D09431C5298049880057DAEE /* RepoView.swift */,
				D071CE3829805AA400517F6B /* RepoFilesView.swift */,
			);
			path = Views;
			sourceTree = "<group>";
		};
		D09431BE29803DE40057DAEE /* Services */ = {
			isa = PBXGroup;
			children = (
				D09431BF29803E110057DAEE /* GithubApiService.swift */,
			);
			path = Services;
			sourceTree = "<group>";
		};
		D09431C2298041B80057DAEE /* Models */ = {
			isa = PBXGroup;
			children = (
				D09431C3298041D90057DAEE /* SearchReposResults.swift */,
				D071CE34298058F200517F6B /* Repo.swift */,
				D071CE362980591200517F6B /* RepoFile.swift */,
			);
			path = Models;
			sourceTree = "<group>";
		};
		D09431C729804DFB0057DAEE /* Misc */ = {
			isa = PBXGroup;
			children = (
				D09431C829804E0F0057DAEE /* LoaderSpinner.swift */,
			);
			path = Misc;
			sourceTree = "<group>";
		};
/* End PBXGroup section */

/* Begin PBXNativeTarget section */
		D05A080D297FD840009154A6 /* YourFirstCommit */ = {
			isa = PBXNativeTarget;
			buildConfigurationList = D05A081C297FD841009154A6 /* Build configuration list for PBXNativeTarget "YourFirstCommit" */;
			buildPhases = (
				D05A080A297FD840009154A6 /* Sources */,
				D05A080B297FD840009154A6 /* Frameworks */,
				D05A080C297FD840009154A6 /* Resources */,
			);
			buildRules = (
			);
			dependencies = (
			);
			name = YourFirstCommit;
			productName = YourFirstCommit;
			productReference = D05A080E297FD840009154A6 /* YourFirstCommit.app */;
			productType = "com.apple.product-type.application";
		};
/* End PBXNativeTarget section */

/* Begin PBXProject section */
		D05A0806297FD840009154A6 /* Project object */ = {
			isa = PBXProject;
			attributes = {
				BuildIndependentTargetsInParallel = 1;
				LastSwiftUpdateCheck = 1420;
				LastUpgradeCheck = 1420;
				TargetAttributes = {
					D05A080D297FD840009154A6 = {
						CreatedOnToolsVersion = 14.2;
					};
				};
			};
			buildConfigurationList = D05A0809297FD840009154A6 /* Build configuration list for PBXProject "YourFirstCommit" */;
			compatibilityVersion = "Xcode 14.0";
			developmentRegion = en;
			hasScannedForEncodings = 0;
			knownRegions = (
				en,
				Base,
			);
			mainGroup = D05A0805297FD840009154A6;
			productRefGroup = D05A080F297FD840009154A6 /* Products */;
			projectDirPath = "";
			projectRoot = "";
			targets = (
				D05A080D297FD840009154A6 /* YourFirstCommit */,
			);
		};
/* End PBXProject section */

/* Begin PBXResourcesBuildPhase section */
		D05A080C297FD840009154A6 /* Resources */ = {
			isa = PBXResourcesBuildPhase;
			buildActionMask = 2147483647;
			files = (
				D05A0819297FD841009154A6 /* Preview Assets.xcassets in Resources */,
				D05A0816297FD841009154A6 /* Assets.xcassets in Resources */,
			);
			runOnlyForDeploymentPostprocessing = 0;
		};
/* End PBXResourcesBuildPhase section */

/* Begin PBXSourcesBuildPhase section */
		D05A080A297FD840009154A6 /* Sources */ = {
			isa = PBXSourcesBuildPhase;
			buildActionMask = 2147483647;
			files = (
				D05A0820297FDA3A009154A6 /* FileList.swift in Sources */,
				D071CE3929805AA400517F6B /* RepoFilesView.swift in Sources */,
				D09431C6298049880057DAEE /* RepoView.swift in Sources */,
				D09431C029803E110057DAEE /* GithubApiService.swift in Sources */,
				D071CE35298058F200517F6B /* Repo.swift in Sources */,
				D09431C4298041D90057DAEE /* SearchReposResults.swift in Sources */,
				D09431C929804E0F0057DAEE /* LoaderSpinner.swift in Sources */,
				D05A0823297FDF4F009154A6 /* RepoNameField.swift in Sources */,
				D05A0814297FD840009154A6 /* ContentView.swift in Sources */,
				D05A0812297FD840009154A6 /* YourFirstCommitApp.swift in Sources */,
				D071CE372980591200517F6B /* RepoFile.swift in Sources */,
			);
			runOnlyForDeploymentPostprocessing = 0;
		};
/* End PBXSourcesBuildPhase section */

/* Begin XCBuildConfiguration section */
		D05A081A297FD841009154A6 /* Debug */ = {
			isa = XCBuildConfiguration;
			buildSettings = {
				ALWAYS_SEARCH_USER_PATHS = NO;
				CLANG_ANALYZER_NONNULL = YES;
				CLANG_ANALYZER_NUMBER_OBJECT_CONVERSION = YES_AGGRESSIVE;
				CLANG_CXX_LANGUAGE_STANDARD = "gnu++20";
				CLANG_ENABLE_MODULES = YES;
				CLANG_ENABLE_OBJC_ARC = YES;
				CLANG_ENABLE_OBJC_WEAK = YES;
				CLANG_WARN_BLOCK_CAPTURE_AUTORELEASING = YES;
				CLANG_WARN_BOOL_CONVERSION = YES;
				CLANG_WARN_COMMA = YES;
				CLANG_WARN_CONSTANT_CONVERSION = YES;
				CLANG_WARN_DEPRECATED_OBJC_IMPLEMENTATIONS = YES;
				CLANG_WARN_DIRECT_OBJC_ISA_USAGE = YES_ERROR;
				CLANG_WARN_DOCUMENTATION_COMMENTS = YES;
				CLANG_WARN_EMPTY_BODY = YES;
				CLANG_WARN_ENUM_CONVERSION = YES;
				CLANG_WARN_INFINITE_RECURSION = YES;
				CLANG_WARN_INT_CONVERSION = YES;
				CLANG_WARN_NON_LITERAL_NULL_CONVERSION = YES;
				CLANG_WARN_OBJC_IMPLICIT_RETAIN_SELF = YES;
				CLANG_WARN_OBJC_LITERAL_CONVERSION = YES;
				CLANG_WARN_OBJC_ROOT_CLASS = YES_ERROR;
				CLANG_WARN_QUOTED_INCLUDE_IN_FRAMEWORK_HEADER = YES;
				CLANG_WARN_RANGE_LOOP_ANALYSIS = YES;
				CLANG_WARN_STRICT_PROTOTYPES = YES;
				CLANG_WARN_SUSPICIOUS_MOVE = YES;
				CLANG_WARN_UNGUARDED_AVAILABILITY = YES_AGGRESSIVE;
				CLANG_WARN_UNREACHABLE_CODE = YES;
				CLANG_WARN__DUPLICATE_METHOD_MATCH = YES;
				COPY_PHASE_STRIP = NO;
				DEBUG_INFORMATION_FORMAT = dwarf;
				ENABLE_STRICT_OBJC_MSGSEND = YES;
				ENABLE_TESTABILITY = YES;
				GCC_C_LANGUAGE_STANDARD = gnu11;
				GCC_DYNAMIC_NO_PIC = NO;
				GCC_NO_COMMON_BLOCKS = YES;
				GCC_OPTIMIZATION_LEVEL = 0;
				GCC_PREPROCESSOR_DEFINITIONS = (
					"DEBUG=1",
					"$(inherited)",
				);
				GCC_WARN_64_TO_32_BIT_CONVERSION = YES;
				GCC_WARN_ABOUT_RETURN_TYPE = YES_ERROR;
				GCC_WARN_UNDECLARED_SELECTOR = YES;
				GCC_WARN_UNINITIALIZED_AUTOS = YES_AGGRESSIVE;
				GCC_WARN_UNUSED_FUNCTION = YES;
				GCC_WARN_UNUSED_VARIABLE = YES;
				IPHONEOS_DEPLOYMENT_TARGET = 16.2;
				MTL_ENABLE_DEBUG_INFO = INCLUDE_SOURCE;
				MTL_FAST_MATH = YES;
				ONLY_ACTIVE_ARCH = YES;
				SDKROOT = iphoneos;
				SWIFT_ACTIVE_COMPILATION_CONDITIONS = DEBUG;
				SWIFT_OPTIMIZATION_LEVEL = "-Onone";
			};
			name = Debug;
		};
		D05A081B297FD841009154A6 /* Release */ = {
			isa = XCBuildConfiguration;
			buildSettings = {
				ALWAYS_SEARCH_USER_PATHS = NO;
				CLANG_ANALYZER_NONNULL = YES;
				CLANG_ANALYZER_NUMBER_OBJECT_CONVERSION = YES_AGGRESSIVE;
				CLANG_CXX_LANGUAGE_STANDARD = "gnu++20";
				CLANG_ENABLE_MODULES = YES;
				CLANG_ENABLE_OBJC_ARC = YES;
				CLANG_ENABLE_OBJC_WEAK = YES;
				CLANG_WARN_BLOCK_CAPTURE_AUTORELEASING = YES;
				CLANG_WARN_BOOL_CONVERSION = YES;
				CLANG_WARN_COMMA = YES;
				CLANG_WARN_CONSTANT_CONVERSION = YES;
				CLANG_WARN_DEPRECATED_OBJC_IMPLEMENTATIONS = YES;
				CLANG_WARN_DIRECT_OBJC_ISA_USAGE = YES_ERROR;
				CLANG_WARN_DOCUMENTATION_COMMENTS = YES;
				CLANG_WARN_EMPTY_BODY = YES;
				CLANG_WARN_ENUM_CONVERSION = YES;
				CLANG_WARN_INFINITE_RECURSION = YES;
				CLANG_WARN_INT_CONVERSION = YES;
				CLANG_WARN_NON_LITERAL_NULL_CONVERSION = YES;
				CLANG_WARN_OBJC_IMPLICIT_RETAIN_SELF = YES;
				CLANG_WARN_OBJC_LITERAL_CONVERSION = YES;
				CLANG_WARN_OBJC_ROOT_CLASS = YES_ERROR;
				CLANG_WARN_QUOTED_INCLUDE_IN_FRAMEWORK_HEADER = YES;
				CLANG_WARN_RANGE_LOOP_ANALYSIS = YES;
				CLANG_WARN_STRICT_PROTOTYPES = YES;
				CLANG_WARN_SUSPICIOUS_MOVE = YES;
				CLANG_WARN_UNGUARDED_AVAILABILITY = YES_AGGRESSIVE;
				CLANG_WARN_UNREACHABLE_CODE = YES;
				CLANG_WARN__DUPLICATE_METHOD_MATCH = YES;
				COPY_PHASE_STRIP = NO;
				DEBUG_INFORMATION_FORMAT = "dwarf-with-dsym";
				ENABLE_NS_ASSERTIONS = NO;
				ENABLE_STRICT_OBJC_MSGSEND = YES;
				GCC_C_LANGUAGE_STANDARD = gnu11;
				GCC_NO_COMMON_BLOCKS = YES;
				GCC_WARN_64_TO_32_BIT_CONVERSION = YES;
				GCC_WARN_ABOUT_RETURN_TYPE = YES_ERROR;
				GCC_WARN_UNDECLARED_SELECTOR = YES;
				GCC_WARN_UNINITIALIZED_AUTOS = YES_AGGRESSIVE;
				GCC_WARN_UNUSED_FUNCTION = YES;
				GCC_WARN_UNUSED_VARIABLE = YES;
				IPHONEOS_DEPLOYMENT_TARGET = 16.2;
				MTL_ENABLE_DEBUG_INFO = NO;
				MTL_FAST_MATH = YES;
				SDKROOT = iphoneos;
				SWIFT_COMPILATION_MODE = wholemodule;
				SWIFT_OPTIMIZATION_LEVEL = "-O";
				VALIDATE_PRODUCT = YES;
			};
			name = Release;
		};
		D05A081D297FD841009154A6 /* Debug */ = {
			isa = XCBuildConfiguration;
			buildSettings = {
				ASSETCATALOG_COMPILER_APPICON_NAME = AppIcon;
				ASSETCATALOG_COMPILER_GLOBAL_ACCENT_COLOR_NAME = AccentColor;
				CODE_SIGN_STYLE = Automatic;
				CURRENT_PROJECT_VERSION = 1;
				DEVELOPMENT_ASSET_PATHS = "\"YourFirstCommit/Preview Content\"";
				ENABLE_PREVIEWS = YES;
				GENERATE_INFOPLIST_FILE = YES;
				INFOPLIST_FILE = YourFirstCommit/Info.plist;
				INFOPLIST_KEY_UIApplicationSupportsIndirectInputEvents = YES;
				INFOPLIST_KEY_UILaunchScreen_Generation = YES;
				INFOPLIST_KEY_UISupportedInterfaceOrientations_iPad = "UIInterfaceOrientationPortrait UIInterfaceOrientationPortraitUpsideDown UIInterfaceOrientationLandscapeLeft UIInterfaceOrientationLandscapeRight";
				INFOPLIST_KEY_UISupportedInterfaceOrientations_iPhone = "UIInterfaceOrientationPortrait UIInterfaceOrientationLandscapeLeft UIInterfaceOrientationLandscapeRight";
				LD_RUNPATH_SEARCH_PATHS = (
					"$(inherited)",
					"@executable_path/Frameworks",
				);
				MARKETING_VERSION = 1.0;
				PRODUCT_BUNDLE_IDENTIFIER = com.ress.YourFirstCommit;
				PRODUCT_NAME = "$(TARGET_NAME)";
				SWIFT_EMIT_LOC_STRINGS = YES;
				SWIFT_VERSION = 5.0;
				TARGETED_DEVICE_FAMILY = "1,2";
			};
			name = Debug;
		};
		D05A081E297FD841009154A6 /* Release */ = {
			isa = XCBuildConfiguration;
			buildSettings = {
				ASSETCATALOG_COMPILER_APPICON_NAME = AppIcon;
				ASSETCATALOG_COMPILER_GLOBAL_ACCENT_COLOR_NAME = AccentColor;
				CODE_SIGN_STYLE = Automatic;
				CURRENT_PROJECT_VERSION = 1;
				DEVELOPMENT_ASSET_PATHS = "\"YourFirstCommit/Preview Content\"";
				ENABLE_PREVIEWS = YES;
				GENERATE_INFOPLIST_FILE = YES;
				INFOPLIST_FILE = YourFirstCommit/Info.plist;
				INFOPLIST_KEY_UIApplicationSupportsIndirectInputEvents = YES;
				INFOPLIST_KEY_UILaunchScreen_Generation = YES;
				INFOPLIST_KEY_UISupportedInterfaceOrientations_iPad = "UIInterfaceOrientationPortrait UIInterfaceOrientationPortraitUpsideDown UIInterfaceOrientationLandscapeLeft UIInterfaceOrientationLandscapeRight";
				INFOPLIST_KEY_UISupportedInterfaceOrientations_iPhone = "UIInterfaceOrientationPortrait UIInterfaceOrientationLandscapeLeft UIInterfaceOrientationLandscapeRight";
				LD_RUNPATH_SEARCH_PATHS = (
					"$(inherited)",
					"@executable_path/Frameworks",
				);
				MARKETING_VERSION = 1.0;
				PRODUCT_BUNDLE_IDENTIFIER = com.ress.YourFirstCommit;
				PRODUCT_NAME = "$(TARGET_NAME)";
				SWIFT_EMIT_LOC_STRINGS = YES;
				SWIFT_VERSION = 5.0;
				TARGETED_DEVICE_FAMILY = "1,2";
			};
			name = Release;
		};
/* End XCBuildConfiguration section */

/* Begin XCConfigurationList section */
		D05A0809297FD840009154A6 /* Build configuration list for PBXProject "YourFirstCommit" */ = {
			isa = XCConfigurationList;
			buildConfigurations = (
				D05A081A297FD841009154A6 /* Debug */,
				D05A081B297FD841009154A6 /* Release */,
			);
			defaultConfigurationIsVisible = 0;
			defaultConfigurationName = Release;
		};
		D05A081C297FD841009154A6 /* Build configuration list for PBXNativeTarget "YourFirstCommit" */ = {
			isa = XCConfigurationList;
			buildConfigurations = (
				D05A081D297FD841009154A6 /* Debug */,
				D05A081E297FD841009154A6 /* Release */,
			);
			defaultConfigurationIsVisible = 0;
			defaultConfigurationName = Release;
		};
/* End XCConfigurationList section */
	};
	rootObject = D05A0806297FD840009154A6 /* Project object */;
}
